// !$*UTF8*$!
{
	archiveVersion = 1;
	classes = {
	};
	objectVersion = 48;
	objects = {

/* Begin PBXBuildFile section */
		06A1C21F296FFC2B76FD9BA7 /* Pods_ZennexTest.framework in Frameworks */ = {isa = PBXBuildFile; fileRef = 3B2BB000D83F87E4C9E34681 /* Pods_ZennexTest.framework */; };
		4A15B9FC201B012B00FB7DE3 /* AppDelegate.swift in Sources */ = {isa = PBXBuildFile; fileRef = 4A15B9FB201B012B00FB7DE3 /* AppDelegate.swift */; };
		4A15B9FE201B012B00FB7DE3 /* ViewController.swift in Sources */ = {isa = PBXBuildFile; fileRef = 4A15B9FD201B012B00FB7DE3 /* ViewController.swift */; };
		4A15BA01201B012B00FB7DE3 /* Main.storyboard in Resources */ = {isa = PBXBuildFile; fileRef = 4A15B9FF201B012B00FB7DE3 /* Main.storyboard */; };
		4A15BA04201B012B00FB7DE3 /* ZennexTest.xcdatamodeld in Sources */ = {isa = PBXBuildFile; fileRef = 4A15BA02201B012B00FB7DE3 /* ZennexTest.xcdatamodeld */; };
		4A15BA06201B012B00FB7DE3 /* Assets.xcassets in Resources */ = {isa = PBXBuildFile; fileRef = 4A15BA05201B012B00FB7DE3 /* Assets.xcassets */; };
		4A15BA09201B012B00FB7DE3 /* LaunchScreen.storyboard in Resources */ = {isa = PBXBuildFile; fileRef = 4A15BA07201B012B00FB7DE3 /* LaunchScreen.storyboard */; };
		4A15BA12201B19B900FB7DE3 /* ServiceTableViewController.swift in Sources */ = {isa = PBXBuildFile; fileRef = 4A15BA10201B19B900FB7DE3 /* ServiceTableViewController.swift */; };
		4A15BA15201B1E8C00FB7DE3 /* ServiceViewModel.swift in Sources */ = {isa = PBXBuildFile; fileRef = 4A15BA14201B1E8C00FB7DE3 /* ServiceViewModel.swift */; };
		4A15BA18201B1F7200FB7DE3 /* Quote.swift in Sources */ = {isa = PBXBuildFile; fileRef = 4A15BA17201B1F7200FB7DE3 /* Quote.swift */; };
		4A15BA1A201B323B00FB7DE3 /* ServiceQuoteCellViewModel.swift in Sources */ = {isa = PBXBuildFile; fileRef = 4A15BA19201B323B00FB7DE3 /* ServiceQuoteCellViewModel.swift */; };
		4A15BA1D201B363B00FB7DE3 /* QuoteCell.swift in Sources */ = {isa = PBXBuildFile; fileRef = 4A15BA1B201B363B00FB7DE3 /* QuoteCell.swift */; };
		4A15BA1E201B363B00FB7DE3 /* QuoteCell.xib in Resources */ = {isa = PBXBuildFile; fileRef = 4A15BA1C201B363B00FB7DE3 /* QuoteCell.xib */; };
		4A15BA22201B3A3600FB7DE3 /* Identifiable.swift in Sources */ = {isa = PBXBuildFile; fileRef = 4A15BA21201B3A3600FB7DE3 /* Identifiable.swift */; };
		4A15BA24201B505D00FB7DE3 /* GalleryViewController.swift in Sources */ = {isa = PBXBuildFile; fileRef = 4A15BA23201B505D00FB7DE3 /* GalleryViewController.swift */; };
		4A15BA27201B539900FB7DE3 /* GalleryViewModel.swift in Sources */ = {isa = PBXBuildFile; fileRef = 4A15BA26201B539900FB7DE3 /* GalleryViewModel.swift */; };
/* End PBXBuildFile section */

/* Begin PBXFileReference section */
		3B2BB000D83F87E4C9E34681 /* Pods_ZennexTest.framework */ = {isa = PBXFileReference; explicitFileType = wrapper.framework; includeInIndex = 0; path = Pods_ZennexTest.framework; sourceTree = BUILT_PRODUCTS_DIR; };
		4A15B9F8201B012B00FB7DE3 /* ZennexTest.app */ = {isa = PBXFileReference; explicitFileType = wrapper.application; includeInIndex = 0; path = ZennexTest.app; sourceTree = BUILT_PRODUCTS_DIR; };
		4A15B9FB201B012B00FB7DE3 /* AppDelegate.swift */ = {isa = PBXFileReference; lastKnownFileType = sourcecode.swift; path = AppDelegate.swift; sourceTree = "<group>"; };
		4A15B9FD201B012B00FB7DE3 /* ViewController.swift */ = {isa = PBXFileReference; lastKnownFileType = sourcecode.swift; path = ViewController.swift; sourceTree = "<group>"; };
		4A15BA00201B012B00FB7DE3 /* Base */ = {isa = PBXFileReference; lastKnownFileType = file.storyboard; name = Base; path = Base.lproj/Main.storyboard; sourceTree = "<group>"; };
		4A15BA03201B012B00FB7DE3 /* ZennexTest.xcdatamodel */ = {isa = PBXFileReference; lastKnownFileType = wrapper.xcdatamodel; path = ZennexTest.xcdatamodel; sourceTree = "<group>"; };
		4A15BA05201B012B00FB7DE3 /* Assets.xcassets */ = {isa = PBXFileReference; lastKnownFileType = folder.assetcatalog; path = Assets.xcassets; sourceTree = "<group>"; };
		4A15BA08201B012B00FB7DE3 /* Base */ = {isa = PBXFileReference; lastKnownFileType = file.storyboard; name = Base; path = Base.lproj/LaunchScreen.storyboard; sourceTree = "<group>"; };
		4A15BA0A201B012B00FB7DE3 /* Info.plist */ = {isa = PBXFileReference; lastKnownFileType = text.plist.xml; path = Info.plist; sourceTree = "<group>"; };
		4A15BA10201B19B900FB7DE3 /* ServiceTableViewController.swift */ = {isa = PBXFileReference; lastKnownFileType = sourcecode.swift; path = ServiceTableViewController.swift; sourceTree = "<group>"; };
		4A15BA14201B1E8C00FB7DE3 /* ServiceViewModel.swift */ = {isa = PBXFileReference; lastKnownFileType = sourcecode.swift; path = ServiceViewModel.swift; sourceTree = "<group>"; };
		4A15BA17201B1F7200FB7DE3 /* Quote.swift */ = {isa = PBXFileReference; lastKnownFileType = sourcecode.swift; path = Quote.swift; sourceTree = "<group>"; };
		4A15BA19201B323B00FB7DE3 /* ServiceQuoteCellViewModel.swift */ = {isa = PBXFileReference; lastKnownFileType = sourcecode.swift; path = ServiceQuoteCellViewModel.swift; sourceTree = "<group>"; };
		4A15BA1B201B363B00FB7DE3 /* QuoteCell.swift */ = {isa = PBXFileReference; lastKnownFileType = sourcecode.swift; path = QuoteCell.swift; sourceTree = "<group>"; };
		4A15BA1C201B363B00FB7DE3 /* QuoteCell.xib */ = {isa = PBXFileReference; lastKnownFileType = file.xib; path = QuoteCell.xib; sourceTree = "<group>"; };
		4A15BA21201B3A3600FB7DE3 /* Identifiable.swift */ = {isa = PBXFileReference; lastKnownFileType = sourcecode.swift; path = Identifiable.swift; sourceTree = "<group>"; };
		4A15BA23201B505D00FB7DE3 /* GalleryViewController.swift */ = {isa = PBXFileReference; lastKnownFileType = sourcecode.swift; path = GalleryViewController.swift; sourceTree = "<group>"; };
		4A15BA26201B539900FB7DE3 /* GalleryViewModel.swift */ = {isa = PBXFileReference; lastKnownFileType = sourcecode.swift; path = GalleryViewModel.swift; sourceTree = "<group>"; };
		7EDDCEBA7FAD292F756435D3 /* Pods-ZennexTest.release.xcconfig */ = {isa = PBXFileReference; includeInIndex = 1; lastKnownFileType = text.xcconfig; name = "Pods-ZennexTest.release.xcconfig"; path = "Pods/Target Support Files/Pods-ZennexTest/Pods-ZennexTest.release.xcconfig"; sourceTree = "<group>"; };
		8A826A379E9A0C58D192753E /* Pods-ZennexTest.debug.xcconfig */ = {isa = PBXFileReference; includeInIndex = 1; lastKnownFileType = text.xcconfig; name = "Pods-ZennexTest.debug.xcconfig"; path = "Pods/Target Support Files/Pods-ZennexTest/Pods-ZennexTest.debug.xcconfig"; sourceTree = "<group>"; };
/* End PBXFileReference section */

/* Begin PBXFrameworksBuildPhase section */
		4A15B9F5201B012A00FB7DE3 /* Frameworks */ = {
			isa = PBXFrameworksBuildPhase;
			buildActionMask = 2147483647;
			files = (
				06A1C21F296FFC2B76FD9BA7 /* Pods_ZennexTest.framework in Frameworks */,
			);
			runOnlyForDeploymentPostprocessing = 0;
		};
/* End PBXFrameworksBuildPhase section */

/* Begin PBXGroup section */
		4A15B9EF201B012A00FB7DE3 = {
			isa = PBXGroup;
			children = (
				4A15B9FA201B012B00FB7DE3 /* ZennexTest */,
				4A15B9F9201B012B00FB7DE3 /* Products */,
				D9B100A3B7DA11594602D2CA /* Pods */,
				6416A2C4BA868872F62BC03D /* Frameworks */,
			);
			sourceTree = "<group>";
		};
		4A15B9F9201B012B00FB7DE3 /* Products */ = {
			isa = PBXGroup;
			children = (
				4A15B9F8201B012B00FB7DE3 /* ZennexTest.app */,
			);
			name = Products;
			sourceTree = "<group>";
		};
		4A15B9FA201B012B00FB7DE3 /* ZennexTest */ = {
			isa = PBXGroup;
			children = (
				4A15B9FB201B012B00FB7DE3 /* AppDelegate.swift */,
				4A15B9FD201B012B00FB7DE3 /* ViewController.swift */,
				4A15BA1F201B3A1F00FB7DE3 /* Protocols */,
				4A15BA16201B1E9900FB7DE3 /* Service */,
				4A15BA25201B506600FB7DE3 /* Gallery */,
				4A15B9FF201B012B00FB7DE3 /* Main.storyboard */,
				4A15BA05201B012B00FB7DE3 /* Assets.xcassets */,
				4A15BA07201B012B00FB7DE3 /* LaunchScreen.storyboard */,
				4A15BA0A201B012B00FB7DE3 /* Info.plist */,
				4A15BA02201B012B00FB7DE3 /* ZennexTest.xcdatamodeld */,
			);
			path = ZennexTest;
			sourceTree = "<group>";
		};
		4A15BA16201B1E9900FB7DE3 /* Service */ = {
			isa = PBXGroup;
			children = (
				4A15BA10201B19B900FB7DE3 /* ServiceTableViewController.swift */,
				4A15BA14201B1E8C00FB7DE3 /* ServiceViewModel.swift */,
				4A15BA19201B323B00FB7DE3 /* ServiceQuoteCellViewModel.swift */,
				4A15BA17201B1F7200FB7DE3 /* Quote.swift */,
				4A15BA1B201B363B00FB7DE3 /* QuoteCell.swift */,
				4A15BA1C201B363B00FB7DE3 /* QuoteCell.xib */,
			);
			path = Service;
			sourceTree = "<group>";
		};
		4A15BA1F201B3A1F00FB7DE3 /* Protocols */ = {
			isa = PBXGroup;
			children = (
				4A15BA21201B3A3600FB7DE3 /* Identifiable.swift */,
			);
			path = Protocols;
			sourceTree = "<group>";
		};
		4A15BA25201B506600FB7DE3 /* Gallery */ = {
			isa = PBXGroup;
			children = (
				4A15BA23201B505D00FB7DE3 /* GalleryViewController.swift */,
				4A15BA26201B539900FB7DE3 /* GalleryViewModel.swift */,
			);
			path = Gallery;
			sourceTree = "<group>";
		};
		6416A2C4BA868872F62BC03D /* Frameworks */ = {
			isa = PBXGroup;
			children = (
				3B2BB000D83F87E4C9E34681 /* Pods_ZennexTest.framework */,
			);
			name = Frameworks;
			sourceTree = "<group>";
		};
		D9B100A3B7DA11594602D2CA /* Pods */ = {
			isa = PBXGroup;
			children = (
				8A826A379E9A0C58D192753E /* Pods-ZennexTest.debug.xcconfig */,
				7EDDCEBA7FAD292F756435D3 /* Pods-ZennexTest.release.xcconfig */,
			);
			name = Pods;
			sourceTree = "<group>";
		};
/* End PBXGroup section */

/* Begin PBXNativeTarget section */
		4A15B9F7201B012A00FB7DE3 /* ZennexTest */ = {
			isa = PBXNativeTarget;
			buildConfigurationList = 4A15BA0D201B012B00FB7DE3 /* Build configuration list for PBXNativeTarget "ZennexTest" */;
			buildPhases = (
				112894731A56084D6316245F /* [CP] Check Pods Manifest.lock */,
				4A15B9F4201B012A00FB7DE3 /* Sources */,
				4A15B9F5201B012A00FB7DE3 /* Frameworks */,
				4A15B9F6201B012A00FB7DE3 /* Resources */,
				FCBCA42C2D24735C3BFD00E0 /* [CP] Embed Pods Frameworks */,
				E998679C9D517032DEF9228B /* [CP] Copy Pods Resources */,
			);
			buildRules = (
			);
			dependencies = (
			);
			name = ZennexTest;
			productName = ZennexTest;
			productReference = 4A15B9F8201B012B00FB7DE3 /* ZennexTest.app */;
			productType = "com.apple.product-type.application";
		};
/* End PBXNativeTarget section */

/* Begin PBXProject section */
		4A15B9F0201B012A00FB7DE3 /* Project object */ = {
			isa = PBXProject;
			attributes = {
				LastSwiftUpdateCheck = 0920;
				LastUpgradeCheck = 0920;
				ORGANIZATIONNAME = "Владислав Лисянский";
				TargetAttributes = {
					4A15B9F7201B012A00FB7DE3 = {
						CreatedOnToolsVersion = 9.2;
						ProvisioningStyle = Automatic;
					};
				};
			};
			buildConfigurationList = 4A15B9F3201B012A00FB7DE3 /* Build configuration list for PBXProject "ZennexTest" */;
			compatibilityVersion = "Xcode 8.0";
			developmentRegion = en;
			hasScannedForEncodings = 0;
			knownRegions = (
				en,
				Base,
			);
			mainGroup = 4A15B9EF201B012A00FB7DE3;
			productRefGroup = 4A15B9F9201B012B00FB7DE3 /* Products */;
			projectDirPath = "";
			projectRoot = "";
			targets = (
				4A15B9F7201B012A00FB7DE3 /* ZennexTest */,
			);
		};
/* End PBXProject section */

/* Begin PBXResourcesBuildPhase section */
		4A15B9F6201B012A00FB7DE3 /* Resources */ = {
			isa = PBXResourcesBuildPhase;
			buildActionMask = 2147483647;
			files = (
				4A15BA1E201B363B00FB7DE3 /* QuoteCell.xib in Resources */,
				4A15BA09201B012B00FB7DE3 /* LaunchScreen.storyboard in Resources */,
				4A15BA06201B012B00FB7DE3 /* Assets.xcassets in Resources */,
				4A15BA01201B012B00FB7DE3 /* Main.storyboard in Resources */,
			);
			runOnlyForDeploymentPostprocessing = 0;
		};
/* End PBXResourcesBuildPhase section */

/* Begin PBXShellScriptBuildPhase section */
		112894731A56084D6316245F /* [CP] Check Pods Manifest.lock */ = {
			isa = PBXShellScriptBuildPhase;
			buildActionMask = 2147483647;
			files = (
			);
			inputPaths = (
				"${PODS_PODFILE_DIR_PATH}/Podfile.lock",
				"${PODS_ROOT}/Manifest.lock",
			);
			name = "[CP] Check Pods Manifest.lock";
			outputPaths = (
				"$(DERIVED_FILE_DIR)/Pods-ZennexTest-checkManifestLockResult.txt",
			);
			runOnlyForDeploymentPostprocessing = 0;
			shellPath = /bin/sh;
			shellScript = "diff \"${PODS_PODFILE_DIR_PATH}/Podfile.lock\" \"${PODS_ROOT}/Manifest.lock\" > /dev/null\nif [ $? != 0 ] ; then\n    # print error to STDERR\n    echo \"error: The sandbox is not in sync with the Podfile.lock. Run 'pod install' or update your CocoaPods installation.\" >&2\n    exit 1\nfi\n# This output is used by Xcode 'outputs' to avoid re-running this script phase.\necho \"SUCCESS\" > \"${SCRIPT_OUTPUT_FILE_0}\"\n";
			showEnvVarsInLog = 0;
		};
		E998679C9D517032DEF9228B /* [CP] Copy Pods Resources */ = {
			isa = PBXShellScriptBuildPhase;
			buildActionMask = 2147483647;
			files = (
			);
			inputPaths = (
			);
			name = "[CP] Copy Pods Resources";
			outputPaths = (
			);
			runOnlyForDeploymentPostprocessing = 0;
			shellPath = /bin/sh;
			shellScript = "\"${SRCROOT}/Pods/Target Support Files/Pods-ZennexTest/Pods-ZennexTest-resources.sh\"\n";
			showEnvVarsInLog = 0;
		};
		FCBCA42C2D24735C3BFD00E0 /* [CP] Embed Pods Frameworks */ = {
			isa = PBXShellScriptBuildPhase;
			buildActionMask = 2147483647;
			files = (
			);
			inputPaths = (
				"${SRCROOT}/Pods/Target Support Files/Pods-ZennexTest/Pods-ZennexTest-frameworks.sh",
				"${BUILT_PRODUCTS_DIR}/Alamofire/Alamofire.framework",
				"${BUILT_PRODUCTS_DIR}/Differentiator/Differentiator.framework",
				"${BUILT_PRODUCTS_DIR}/NSObject+Rx/NSObject_Rx.framework",
				"${BUILT_PRODUCTS_DIR}/RxCocoa/RxCocoa.framework",
				"${BUILT_PRODUCTS_DIR}/RxDataSources/RxDataSources.framework",
				"${BUILT_PRODUCTS_DIR}/RxSwift/RxSwift.framework",
			);
			name = "[CP] Embed Pods Frameworks";
			outputPaths = (
				"${TARGET_BUILD_DIR}/${FRAMEWORKS_FOLDER_PATH}/Alamofire.framework",
				"${TARGET_BUILD_DIR}/${FRAMEWORKS_FOLDER_PATH}/Differentiator.framework",
				"${TARGET_BUILD_DIR}/${FRAMEWORKS_FOLDER_PATH}/NSObject_Rx.framework",
				"${TARGET_BUILD_DIR}/${FRAMEWORKS_FOLDER_PATH}/RxCocoa.framework",
				"${TARGET_BUILD_DIR}/${FRAMEWORKS_FOLDER_PATH}/RxDataSources.framework",
				"${TARGET_BUILD_DIR}/${FRAMEWORKS_FOLDER_PATH}/RxSwift.framework",
			);
			runOnlyForDeploymentPostprocessing = 0;
			shellPath = /bin/sh;
			shellScript = "\"${SRCROOT}/Pods/Target Support Files/Pods-ZennexTest/Pods-ZennexTest-frameworks.sh\"\n";
			showEnvVarsInLog = 0;
		};
/* End PBXShellScriptBuildPhase section */

/* Begin PBXSourcesBuildPhase section */
		4A15B9F4201B012A00FB7DE3 /* Sources */ = {
			isa = PBXSourcesBuildPhase;
			buildActionMask = 2147483647;
			files = (
				4A15BA1D201B363B00FB7DE3 /* QuoteCell.swift in Sources */,
				4A15B9FE201B012B00FB7DE3 /* ViewController.swift in Sources */,
				4A15B9FC201B012B00FB7DE3 /* AppDelegate.swift in Sources */,
				4A15BA12201B19B900FB7DE3 /* ServiceTableViewController.swift in Sources */,
				4A15BA22201B3A3600FB7DE3 /* Identifiable.swift in Sources */,
				4A15BA04201B012B00FB7DE3 /* ZennexTest.xcdatamodeld in Sources */,
				4A15BA18201B1F7200FB7DE3 /* Quote.swift in Sources */,
				4A15BA27201B539900FB7DE3 /* GalleryViewModel.swift in Sources */,
				4A15BA24201B505D00FB7DE3 /* GalleryViewController.swift in Sources */,
				4A15BA1A201B323B00FB7DE3 /* ServiceQuoteCellViewModel.swift in Sources */,
				4A15BA15201B1E8C00FB7DE3 /* ServiceViewModel.swift in Sources */,
			);
			runOnlyForDeploymentPostprocessing = 0;
		};
/* End PBXSourcesBuildPhase section */

/* Begin PBXVariantGroup section */
		4A15B9FF201B012B00FB7DE3 /* Main.storyboard */ = {
			isa = PBXVariantGroup;
			children = (
				4A15BA00201B012B00FB7DE3 /* Base */,
			);
			name = Main.storyboard;
			sourceTree = "<group>";
		};
		4A15BA07201B012B00FB7DE3 /* LaunchScreen.storyboard */ = {
			isa = PBXVariantGroup;
			children = (
				4A15BA08201B012B00FB7DE3 /* Base */,
			);
			name = LaunchScreen.storyboard;
			sourceTree = "<group>";
		};
/* End PBXVariantGroup section */

/* Begin XCBuildConfiguration section */
		4A15BA0B201B012B00FB7DE3 /* Debug */ = {
			isa = XCBuildConfiguration;
			buildSettings = {
				ALWAYS_SEARCH_USER_PATHS = NO;
				CLANG_ANALYZER_NONNULL = YES;
				CLANG_ANALYZER_NUMBER_OBJECT_CONVERSION = YES_AGGRESSIVE;
				CLANG_CXX_LANGUAGE_STANDARD = "gnu++14";
				CLANG_CXX_LIBRARY = "libc++";
				CLANG_ENABLE_MODULES = YES;
				CLANG_ENABLE_OBJC_ARC = YES;
				CLANG_WARN_BLOCK_CAPTURE_AUTORELEASING = YES;
				CLANG_WARN_BOOL_CONVERSION = YES;
				CLANG_WARN_COMMA = YES;
				CLANG_WARN_CONSTANT_CONVERSION = YES;
				CLANG_WARN_DIRECT_OBJC_ISA_USAGE = YES_ERROR;
				CLANG_WARN_DOCUMENTATION_COMMENTS = YES;
				CLANG_WARN_EMPTY_BODY = YES;
				CLANG_WARN_ENUM_CONVERSION = YES;
				CLANG_WARN_INFINITE_RECURSION = YES;
				CLANG_WARN_INT_CONVERSION = YES;
				CLANG_WARN_NON_LITERAL_NULL_CONVERSION = YES;
				CLANG_WARN_OBJC_LITERAL_CONVERSION = YES;
				CLANG_WARN_OBJC_ROOT_CLASS = YES_ERROR;
				CLANG_WARN_RANGE_LOOP_ANALYSIS = YES;
				CLANG_WARN_STRICT_PROTOTYPES = YES;
				CLANG_WARN_SUSPICIOUS_MOVE = YES;
				CLANG_WARN_UNGUARDED_AVAILABILITY = YES_AGGRESSIVE;
				CLANG_WARN_UNREACHABLE_CODE = YES;
				CLANG_WARN__DUPLICATE_METHOD_MATCH = YES;
				CODE_SIGN_IDENTITY = "iPhone Developer";
				COPY_PHASE_STRIP = NO;
				DEBUG_INFORMATION_FORMAT = dwarf;
				ENABLE_STRICT_OBJC_MSGSEND = YES;
				ENABLE_TESTABILITY = YES;
				GCC_C_LANGUAGE_STANDARD = gnu11;
				GCC_DYNAMIC_NO_PIC = NO;
				GCC_NO_COMMON_BLOCKS = YES;
				GCC_OPTIMIZATION_LEVEL = 0;
				GCC_PREPROCESSOR_DEFINITIONS = (
					"DEBUG=1",
					"$(inherited)",
				);
				GCC_WARN_64_TO_32_BIT_CONVERSION = YES;
				GCC_WARN_ABOUT_RETURN_TYPE = YES_ERROR;
				GCC_WARN_UNDECLARED_SELECTOR = YES;
				GCC_WARN_UNINITIALIZED_AUTOS = YES_AGGRESSIVE;
				GCC_WARN_UNUSED_FUNCTION = YES;
				GCC_WARN_UNUSED_VARIABLE = YES;
				IPHONEOS_DEPLOYMENT_TARGET = 11.2;
				MTL_ENABLE_DEBUG_INFO = YES;
				ONLY_ACTIVE_ARCH = YES;
				SDKROOT = iphoneos;
				SWIFT_ACTIVE_COMPILATION_CONDITIONS = DEBUG;
				SWIFT_OPTIMIZATION_LEVEL = "-Onone";
			};
			name = Debug;
		};
		4A15BA0C201B012B00FB7DE3 /* Release */ = {
			isa = XCBuildConfiguration;
			buildSettings = {
				ALWAYS_SEARCH_USER_PATHS = NO;
				CLANG_ANALYZER_NONNULL = YES;
				CLANG_ANALYZER_NUMBER_OBJECT_CONVERSION = YES_AGGRESSIVE;
				CLANG_CXX_LANGUAGE_STANDARD = "gnu++14";
				CLANG_CXX_LIBRARY = "libc++";
				CLANG_ENABLE_MODULES = YES;
				CLANG_ENABLE_OBJC_ARC = YES;
				CLANG_WARN_BLOCK_CAPTURE_AUTORELEASING = YES;
				CLANG_WARN_BOOL_CONVERSION = YES;
				CLANG_WARN_COMMA = YES;
				CLANG_WARN_CONSTANT_CONVERSION = YES;
				CLANG_WARN_DIRECT_OBJC_ISA_USAGE = YES_ERROR;
				CLANG_WARN_DOCUMENTATION_COMMENTS = YES;
				CLANG_WARN_EMPTY_BODY = YES;
				CLANG_WARN_ENUM_CONVERSION = YES;
				CLANG_WARN_INFINITE_RECURSION = YES;
				CLANG_WARN_INT_CONVERSION = YES;
				CLANG_WARN_NON_LITERAL_NULL_CONVERSION = YES;
				CLANG_WARN_OBJC_LITERAL_CONVERSION = YES;
				CLANG_WARN_OBJC_ROOT_CLASS = YES_ERROR;
				CLANG_WARN_RANGE_LOOP_ANALYSIS = YES;
				CLANG_WARN_STRICT_PROTOTYPES = YES;
				CLANG_WARN_SUSPICIOUS_MOVE = YES;
				CLANG_WARN_UNGUARDED_AVAILABILITY = YES_AGGRESSIVE;
				CLANG_WARN_UNREACHABLE_CODE = YES;
				CLANG_WARN__DUPLICATE_METHOD_MATCH = YES;
				CODE_SIGN_IDENTITY = "iPhone Developer";
				COPY_PHASE_STRIP = NO;
				DEBUG_INFORMATION_FORMAT = "dwarf-with-dsym";
				ENABLE_NS_ASSERTIONS = NO;
				ENABLE_STRICT_OBJC_MSGSEND = YES;
				GCC_C_LANGUAGE_STANDARD = gnu11;
				GCC_NO_COMMON_BLOCKS = YES;
				GCC_WARN_64_TO_32_BIT_CONVERSION = YES;
				GCC_WARN_ABOUT_RETURN_TYPE = YES_ERROR;
				GCC_WARN_UNDECLARED_SELECTOR = YES;
				GCC_WARN_UNINITIALIZED_AUTOS = YES_AGGRESSIVE;
				GCC_WARN_UNUSED_FUNCTION = YES;
				GCC_WARN_UNUSED_VARIABLE = YES;
				IPHONEOS_DEPLOYMENT_TARGET = 11.2;
				MTL_ENABLE_DEBUG_INFO = NO;
				SDKROOT = iphoneos;
				SWIFT_OPTIMIZATION_LEVEL = "-Owholemodule";
				VALIDATE_PRODUCT = YES;
			};
			name = Release;
		};
		4A15BA0E201B012B00FB7DE3 /* Debug */ = {
			isa = XCBuildConfiguration;
			baseConfigurationReference = 8A826A379E9A0C58D192753E /* Pods-ZennexTest.debug.xcconfig */;
			buildSettings = {
				ASSETCATALOG_COMPILER_APPICON_NAME = AppIcon;
				CODE_SIGN_STYLE = Automatic;
				DEVELOPMENT_TEAM = 3HSG7M3SCR;
				INFOPLIST_FILE = ZennexTest/Info.plist;
				IPHONEOS_DEPLOYMENT_TARGET = 10.3;
				LD_RUNPATH_SEARCH_PATHS = "$(inherited) @executable_path/Frameworks";
				PRODUCT_BUNDLE_IDENTIFIER = com.tr1ckyf0x.ZennexTest;
				PRODUCT_NAME = "$(TARGET_NAME)";
				SWIFT_VERSION = 4.0;
				TARGETED_DEVICE_FAMILY = "1,2";
			};
			name = Debug;
		};
		4A15BA0F201B012B00FB7DE3 /* Release */ = {
			isa = XCBuildConfiguration;
			baseConfigurationReference = 7EDDCEBA7FAD292F756435D3 /* Pods-ZennexTest.release.xcconfig */;
			buildSettings = {
				ASSETCATALOG_COMPILER_APPICON_NAME = AppIcon;
				CODE_SIGN_STYLE = Automatic;
				DEVELOPMENT_TEAM = 3HSG7M3SCR;
				INFOPLIST_FILE = ZennexTest/Info.plist;
				IPHONEOS_DEPLOYMENT_TARGET = 10.3;
				LD_RUNPATH_SEARCH_PATHS = "$(inherited) @executable_path/Frameworks";
				PRODUCT_BUNDLE_IDENTIFIER = com.tr1ckyf0x.ZennexTest;
				PRODUCT_NAME = "$(TARGET_NAME)";
				SWIFT_VERSION = 4.0;
				TARGETED_DEVICE_FAMILY = "1,2";
			};
			name = Release;
		};
/* End XCBuildConfiguration section */

/* Begin XCConfigurationList section */
		4A15B9F3201B012A00FB7DE3 /* Build configuration list for PBXProject "ZennexTest" */ = {
			isa = XCConfigurationList;
			buildConfigurations = (
				4A15BA0B201B012B00FB7DE3 /* Debug */,
				4A15BA0C201B012B00FB7DE3 /* Release */,
			);
			defaultConfigurationIsVisible = 0;
			defaultConfigurationName = Release;
		};
		4A15BA0D201B012B00FB7DE3 /* Build configuration list for PBXNativeTarget "ZennexTest" */ = {
			isa = XCConfigurationList;
			buildConfigurations = (
				4A15BA0E201B012B00FB7DE3 /* Debug */,
				4A15BA0F201B012B00FB7DE3 /* Release */,
			);
			defaultConfigurationIsVisible = 0;
			defaultConfigurationName = Release;
		};
/* End XCConfigurationList section */

/* Begin XCVersionGroup section */
		4A15BA02201B012B00FB7DE3 /* ZennexTest.xcdatamodeld */ = {
			isa = XCVersionGroup;
			children = (
				4A15BA03201B012B00FB7DE3 /* ZennexTest.xcdatamodel */,
			);
			currentVersion = 4A15BA03201B012B00FB7DE3 /* ZennexTest.xcdatamodel */;
			path = ZennexTest.xcdatamodeld;
			sourceTree = "<group>";
			versionGroupType = wrapper.xcdatamodel;
		};
/* End XCVersionGroup section */
	};
	rootObject = 4A15B9F0201B012A00FB7DE3 /* Project object */;
}
